# THIS IS AN AUTOGENERATED FILE. DO NOT EDIT THIS FILE DIRECTLY.
# yarn lockfile v1


ansi-gray@^0.1.1:
  version "0.1.1"
  resolved "http://registry.npm.taobao.org/ansi-gray/download/ansi-gray-0.1.1.tgz#2962cf54ec9792c48510a3deb524436861ef7251"
  dependencies:
    ansi-wrap "0.1.0"

ansi-regex@^2.0.0:
  version "2.1.1"
  resolved "http://registry.npm.taobao.org/ansi-regex/download/ansi-regex-2.1.1.tgz#c3b33ab5ee360d86e0e628f0468ae7ef27d654df"

ansi-styles@^2.2.1:
  version "2.2.1"
  resolved "http://registry.npm.taobao.org/ansi-styles/download/ansi-styles-2.2.1.tgz#b432dd3358b634cf75e1e4664368240533c1ddbe"

ansi-wrap@0.1.0:
  version "0.1.0"
  resolved "http://registry.npm.taobao.org/ansi-wrap/download/ansi-wrap-0.1.0.tgz#a82250ddb0015e9a27ca82e82ea603bbfa45efaf"

archy@^1.0.0:
  version "1.0.0"
  resolved "http://registry.npm.taobao.org/archy/download/archy-1.0.0.tgz#f9c8c13757cc1dd7bc379ac77b2c62a5c2868c40"

arr-diff@^4.0.0:
  version "4.0.0"
  resolved "http://registry.npm.taobao.org/arr-diff/download/arr-diff-4.0.0.tgz#d6461074febfec71e7e15235761a329a5dc7c520"

arr-flatten@^1.1.0:
  version "1.1.0"
  resolved "http://registry.npm.taobao.org/arr-flatten/download/arr-flatten-1.1.0.tgz#36048bbff4e7b47e136644316c99669ea5ae91f1"

arr-union@^3.1.0:
  version "3.1.0"
  resolved "http://registry.npm.taobao.org/arr-union/download/arr-union-3.1.0.tgz#e39b09aea9def866a8f206e288af63919bae39c4"

array-differ@^1.0.0:
  version "1.0.0"
  resolved "http://registry.npm.taobao.org/array-differ/download/array-differ-1.0.0.tgz#eff52e3758249d33be402b8bb8e564bb2b5d4031"

array-each@^1.0.1:
  version "1.0.1"
  resolved "http://registry.npm.taobao.org/array-each/download/array-each-1.0.1.tgz#a794af0c05ab1752846ee753a1f211a05ba0c44f"

array-slice@^1.0.0:
  version "1.1.0"
  resolved "http://registry.npm.taobao.org/array-slice/download/array-slice-1.1.0.tgz#e368ea15f89bc7069f7ffb89aec3a6c7d4ac22d4"

array-union@^1.0.1:
  version "1.0.2"
  resolved "http://registry.npm.taobao.org/array-union/download/array-union-1.0.2.tgz#9a34410e4f4e3da23dea375be5be70f24778ec39"
  dependencies:
    array-uniq "^1.0.1"

array-uniq@^1.0.1, array-uniq@^1.0.2:
  version "1.0.3"
  resolved "http://registry.npm.taobao.org/array-uniq/download/array-uniq-1.0.3.tgz#af6ac877a25cc7f74e058894753858dfdb24fdb6"

array-unique@^0.3.2:
  version "0.3.2"
  resolved "http://registry.npm.taobao.org/array-unique/download/array-unique-0.3.2.tgz#a894b75d4bc4f6cd679ef3244a9fd8f46ae2d428"

assign-symbols@^1.0.0:
  version "1.0.0"
  resolved "http://registry.npm.taobao.org/assign-symbols/download/assign-symbols-1.0.0.tgz#59667f41fadd4f20ccbc2bb96b8d4f7f78ec0367"

atob@^2.1.1:
  version "2.1.1"
  resolved "http://registry.npm.taobao.org/atob/download/atob-2.1.1.tgz#ae2d5a729477f289d60dd7f96a6314a22dd6c22a"

balanced-match@^1.0.0:
  version "1.0.0"
  resolved "http://registry.npm.taobao.org/balanced-match/download/balanced-match-1.0.0.tgz#89b4d199ab2bee49de164ea02b89ce462d71b767"

base@^0.11.1:
  version "0.11.2"
  resolved "http://registry.npm.taobao.org/base/download/base-0.11.2.tgz#7bde5ced145b6d551a90db87f83c558b4eb48a8f"
  dependencies:
    cache-base "^1.0.1"
    class-utils "^0.3.5"
    component-emitter "^1.2.1"
    define-property "^1.0.0"
    isobject "^3.0.1"
    mixin-deep "^1.2.0"
    pascalcase "^0.1.1"

beeper@^1.0.0:
  version "1.1.1"
  resolved "http://registry.npm.taobao.org/beeper/download/beeper-1.1.1.tgz#e6d5ea8c5dad001304a70b22638447f69cb2f809"

brace-expansion@^1.0.0, brace-expansion@^1.1.7:
  version "1.1.11"
  resolved "http://registry.npm.taobao.org/brace-expansion/download/brace-expansion-1.1.11.tgz#3c7fcbf529d87226f3d2f52b966ff5271eb441dd"
  dependencies:
    balanced-match "^1.0.0"
    concat-map "0.0.1"

braces@^2.3.1:
  version "2.3.2"
  resolved "http://registry.npm.taobao.org/braces/download/braces-2.3.2.tgz#5979fd3f14cd531565e5fa2df1abfff1dfaee729"
  dependencies:
    arr-flatten "^1.1.0"
    array-unique "^0.3.2"
    extend-shallow "^2.0.1"
    fill-range "^4.0.0"
    isobject "^3.0.1"
    repeat-element "^1.1.2"
    snapdragon "^0.8.1"
    snapdragon-node "^2.0.1"
    split-string "^3.0.2"
    to-regex "^3.0.1"

cache-base@^1.0.1:
  version "1.0.1"
  resolved "http://registry.npm.taobao.org/cache-base/download/cache-base-1.0.1.tgz#0a7f46416831c8b662ee36fe4e7c59d76f666ab2"
  dependencies:
    collection-visit "^1.0.0"
    component-emitter "^1.2.1"
    get-value "^2.0.6"
    has-value "^1.0.0"
    isobject "^3.0.1"
    set-value "^2.0.0"
    to-object-path "^0.3.0"
    union-value "^1.0.0"
    unset-value "^1.0.0"

chalk@^1.0.0:
  version "1.1.3"
  resolved "http://registry.npm.taobao.org/chalk/download/chalk-1.1.3.tgz#a8115c55e4a702fe4d150abd3872822a7e09fc98"
  dependencies:
    ansi-styles "^2.2.1"
    escape-string-regexp "^1.0.2"
    has-ansi "^2.0.0"
    strip-ansi "^3.0.0"
    supports-color "^2.0.0"

class-utils@^0.3.5:
  version "0.3.6"
  resolved "http://registry.npm.taobao.org/class-utils/download/class-utils-0.3.6.tgz#f93369ae8b9a7ce02fd41faad0ca83033190c463"
  dependencies:
    arr-union "^3.1.0"
    define-property "^0.2.5"
    isobject "^3.0.0"
    static-extend "^0.1.1"

clone-buffer@^1.0.0:
  version "1.0.0"
  resolved "http://registry.npm.taobao.org/clone-buffer/download/clone-buffer-1.0.0.tgz#e3e25b207ac4e701af721e2cb5a16792cac3dc58"

clone-stats@^0.0.1:
  version "0.0.1"
  resolved "http://registry.npm.taobao.org/clone-stats/download/clone-stats-0.0.1.tgz#b88f94a82cf38b8791d58046ea4029ad88ca99d1"

clone-stats@^1.0.0:
  version "1.0.0"
  resolved "http://registry.npm.taobao.org/clone-stats/download/clone-stats-1.0.0.tgz#b3782dff8bb5474e18b9b6bf0fdfe782f8777680"

clone@^0.2.0:
  version "0.2.0"
  resolved "http://registry.npm.taobao.org/clone/download/clone-0.2.0.tgz#c6126a90ad4f72dbf5acdb243cc37724fe93fc1f"

clone@^1.0.0, clone@^1.0.2:
  version "1.0.4"
  resolved "http://registry.npm.taobao.org/clone/download/clone-1.0.4.tgz#da309cc263df15994c688ca902179ca3c7cd7c7e"

clone@^2.1.1:
  version "2.1.1"
  resolved "http://registry.npm.taobao.org/clone/download/clone-2.1.1.tgz#d217d1e961118e3ac9a4b8bba3285553bf647cdb"

cloneable-readable@^1.0.0:
  version "1.1.2"
  resolved "http://registry.npm.taobao.org/cloneable-readable/download/cloneable-readable-1.1.2.tgz#d591dee4a8f8bc15da43ce97dceeba13d43e2a65"
  dependencies:
    inherits "^2.0.1"
    process-nextick-args "^2.0.0"
    readable-stream "^2.3.5"

collection-visit@^1.0.0:
  version "1.0.0"
  resolved "http://registry.npm.taobao.org/collection-visit/download/collection-visit-1.0.0.tgz#4bc0373c164bc3291b4d368c829cf1a80a59dca0"
  dependencies:
    map-visit "^1.0.0"
    object-visit "^1.0.0"

color-support@^1.1.3:
  version "1.1.3"
  resolved "http://registry.npm.taobao.org/color-support/download/color-support-1.1.3.tgz#93834379a1cc9a0c61f82f52f0d04322251bd5a2"

commander@~2.15.0:
  version "2.15.1"
  resolved "http://registry.npm.taobao.org/commander/download/commander-2.15.1.tgz#df46e867d0fc2aec66a34662b406a9ccafff5b0f"

component-emitter@^1.2.1:
  version "1.2.1"
  resolved "http://registry.npm.taobao.org/component-emitter/download/component-emitter-1.2.1.tgz#137918d6d78283f7df7a6b7c5a63e140e69425e6"

concat-map@0.0.1:
  version "0.0.1"
  resolved "http://registry.npm.taobao.org/concat-map/download/concat-map-0.0.1.tgz#d8a96bd77fd68df7793a73036a3ba0d5405d477b"

concat-with-sourcemaps@^1.0.0:
  version "1.1.0"
  resolved "http://registry.npm.taobao.org/concat-with-sourcemaps/download/concat-with-sourcemaps-1.1.0.tgz#d4ea93f05ae25790951b99e7b3b09e3908a4082e"
  dependencies:
    source-map "^0.6.1"

copy-descriptor@^0.1.0:
  version "0.1.1"
  resolved "http://registry.npm.taobao.org/copy-descriptor/download/copy-descriptor-0.1.1.tgz#676f6eb3c39997c2ee1ac3a924fd6124748f578d"

core-util-is@~1.0.0:
  version "1.0.2"
  resolved "http://registry.npm.taobao.org/core-util-is/download/core-util-is-1.0.2.tgz#b5fd54220aa2bc5ab57aab7140c940754503c1a7"

dateformat@^2.0.0:
  version "2.2.0"
  resolved "http://registry.npm.taobao.org/dateformat/download/dateformat-2.2.0.tgz#4065e2013cf9fb916ddfd82efb506ad4c6769062"

debug@^2.2.0, debug@^2.3.3:
  version "2.6.9"
  resolved "http://registry.npm.taobao.org/debug/download/debug-2.6.9.tgz#5d128515df134ff327e90a4c93f4e077a536341f"
  dependencies:
    ms "2.0.0"

decode-uri-component@^0.2.0:
  version "0.2.0"
  resolved "http://registry.npm.taobao.org/decode-uri-component/download/decode-uri-component-0.2.0.tgz#eb3913333458775cb84cd1a1fae062106bb87545"

defaults@^1.0.0:
  version "1.0.3"
  resolved "http://registry.npm.taobao.org/defaults/download/defaults-1.0.3.tgz#c656051e9817d9ff08ed881477f3fe4019f3ef7d"
  dependencies:
    clone "^1.0.2"

define-property@^0.2.5:
  version "0.2.5"
  resolved "http://registry.npm.taobao.org/define-property/download/define-property-0.2.5.tgz#c35b1ef918ec3c990f9a5bc57be04aacec5c8116"
  dependencies:
    is-descriptor "^0.1.0"

define-property@^1.0.0:
  version "1.0.0"
  resolved "http://registry.npm.taobao.org/define-property/download/define-property-1.0.0.tgz#769ebaaf3f4a63aad3af9e8d304c9bbe79bfb0e6"
  dependencies:
    is-descriptor "^1.0.0"

define-property@^2.0.2:
  version "2.0.2"
  resolved "http://registry.npm.taobao.org/define-property/download/define-property-2.0.2.tgz#d459689e8d654ba77e02a817f8710d702cb16e9d"
  dependencies:
    is-descriptor "^1.0.2"
    isobject "^3.0.1"

del@^3.0.0:
  version "3.0.0"
  resolved "http://registry.npm.taobao.org/del/download/del-3.0.0.tgz#53ecf699ffcbcb39637691ab13baf160819766e5"
  dependencies:
    globby "^6.1.0"
    is-path-cwd "^1.0.0"
    is-path-in-cwd "^1.0.0"
    p-map "^1.1.1"
    pify "^3.0.0"
    rimraf "^2.2.8"

deprecated@^0.0.1:
  version "0.0.1"
  resolved "http://registry.npm.taobao.org/deprecated/download/deprecated-0.0.1.tgz#f9c9af5464afa1e7a971458a8bdef2aa94d5bb19"

detect-file@^1.0.0:
  version "1.0.0"
  resolved "http://registry.npm.taobao.org/detect-file/download/detect-file-1.0.0.tgz#f0d66d03672a825cb1b73bdb3fe62310c8e552b7"

duplexer2@0.0.2:
  version "0.0.2"
  resolved "http://registry.npm.taobao.org/duplexer2/download/duplexer2-0.0.2.tgz#c614dcf67e2fb14995a91711e5a617e8a60a31db"
  dependencies:
    readable-stream "~1.1.9"

end-of-stream@~0.1.5:
  version "0.1.5"
  resolved "http://registry.npm.taobao.org/end-of-stream/download/end-of-stream-0.1.5.tgz#8e177206c3c80837d85632e8b9359dfe8b2f6eaf"
  dependencies:
    once "~1.3.0"

escape-string-regexp@^1.0.2:
  version "1.0.5"
  resolved "http://registry.npm.taobao.org/escape-string-regexp/download/escape-string-regexp-1.0.5.tgz#1b61c0562190a8dff6ae3bb2cf0200ca130b86d4"

expand-brackets@^2.1.4:
  version "2.1.4"
  resolved "http://registry.npm.taobao.org/expand-brackets/download/expand-brackets-2.1.4.tgz#b77735e315ce30f6b6eff0f83b04151a22449622"
  dependencies:
    debug "^2.3.3"
    define-property "^0.2.5"
    extend-shallow "^2.0.1"
    posix-character-classes "^0.1.0"
    regex-not "^1.0.0"
    snapdragon "^0.8.1"
    to-regex "^3.0.1"

expand-tilde@^2.0.0, expand-tilde@^2.0.2:
  version "2.0.2"
  resolved "http://registry.npm.taobao.org/expand-tilde/download/expand-tilde-2.0.2.tgz#97e801aa052df02454de46b02bf621642cdc8502"
  dependencies:
    homedir-polyfill "^1.0.1"

extend-shallow@^2.0.1:
  version "2.0.1"
  resolved "http://registry.npm.taobao.org/extend-shallow/download/extend-shallow-2.0.1.tgz#51af7d614ad9a9f610ea1bafbb989d6b1c56890f"
  dependencies:
    is-extendable "^0.1.0"

extend-shallow@^3.0.0, extend-shallow@^3.0.2:
  version "3.0.2"
  resolved "http://registry.npm.taobao.org/extend-shallow/download/extend-shallow-3.0.2.tgz#26a71aaf073b39fb2127172746131c2704028db8"
  dependencies:
    assign-symbols "^1.0.0"
    is-extendable "^1.0.1"

extend@^3.0.0:
  version "3.0.1"
  resolved "http://registry.npm.taobao.org/extend/download/extend-3.0.1.tgz#a755ea7bc1adfcc5a31ce7e762dbaadc5e636444"

extglob@^2.0.4:
  version "2.0.4"
  resolved "http://registry.npm.taobao.org/extglob/download/extglob-2.0.4.tgz#ad00fe4dc612a9232e8718711dc5cb5ab0285543"
  dependencies:
    array-unique "^0.3.2"
    define-property "^1.0.0"
    expand-brackets "^2.1.4"
    extend-shallow "^2.0.1"
    fragment-cache "^0.2.1"
    regex-not "^1.0.0"
    snapdragon "^0.8.1"
    to-regex "^3.0.1"

fancy-log@^1.1.0:
  version "1.3.2"
  resolved "http://registry.npm.taobao.org/fancy-log/download/fancy-log-1.3.2.tgz#f41125e3d84f2e7d89a43d06d958c8f78be16be1"
  dependencies:
    ansi-gray "^0.1.1"
    color-support "^1.1.3"
    time-stamp "^1.0.0"

fill-range@^4.0.0:
  version "4.0.0"
  resolved "http://registry.npm.taobao.org/fill-range/download/fill-range-4.0.0.tgz#d544811d428f98eb06a63dc402d2403c328c38f7"
  dependencies:
    extend-shallow "^2.0.1"
    is-number "^3.0.0"
    repeat-string "^1.6.1"
    to-regex-range "^2.1.0"

find-index@^0.1.1:
  version "0.1.1"
  resolved "http://registry.npm.taobao.org/find-index/download/find-index-0.1.1.tgz#675d358b2ca3892d795a1ab47232f8b6e2e0dde4"

findup-sync@^2.0.0:
  version "2.0.0"
  resolved "http://registry.npm.taobao.org/findup-sync/download/findup-sync-2.0.0.tgz#9326b1488c22d1a6088650a86901b2d9a90a2cbc"
  dependencies:
    detect-file "^1.0.0"
    is-glob "^3.1.0"
    micromatch "^3.0.4"
    resolve-dir "^1.0.1"

fined@^1.0.1:
  version "1.1.0"
  resolved "http://registry.npm.taobao.org/fined/download/fined-1.1.0.tgz#b37dc844b76a2f5e7081e884f7c0ae344f153476"
  dependencies:
    expand-tilde "^2.0.2"
    is-plain-object "^2.0.3"
    object.defaults "^1.1.0"
    object.pick "^1.2.0"
    parse-filepath "^1.0.1"

first-chunk-stream@^1.0.0:
  version "1.0.0"
  resolved "http://registry.npm.taobao.org/first-chunk-stream/download/first-chunk-stream-1.0.0.tgz#59bfb50cd905f60d7c394cd3d9acaab4e6ad934e"

flagged-respawn@^1.0.0:
  version "1.0.0"
  resolved "http://registry.npm.taobao.org/flagged-respawn/download/flagged-respawn-1.0.0.tgz#4e79ae9b2eb38bf86b3bb56bf3e0a56aa5fcabd7"

for-in@^1.0.1, for-in@^1.0.2:
  version "1.0.2"
  resolved "http://registry.npm.taobao.org/for-in/download/for-in-1.0.2.tgz#81068d295a8142ec0ac726c6e2200c30fb6d5e80"

for-own@^1.0.0:
  version "1.0.0"
  resolved "http://registry.npm.taobao.org/for-own/download/for-own-1.0.0.tgz#c63332f415cedc4b04dbfe70cf836494c53cb44b"
  dependencies:
    for-in "^1.0.1"

fragment-cache@^0.2.1:
  version "0.2.1"
  resolved "http://registry.npm.taobao.org/fragment-cache/download/fragment-cache-0.2.1.tgz#4290fad27f13e89be7f33799c6bc5a0abfff0d19"
  dependencies:
    map-cache "^0.2.2"

fs.realpath@^1.0.0:
  version "1.0.0"
  resolved "http://registry.npm.taobao.org/fs.realpath/download/fs.realpath-1.0.0.tgz#1504ad2523158caa40db4a2787cb01411994ea4f"

gaze@^0.5.1:
  version "0.5.2"
  resolved "http://registry.npm.taobao.org/gaze/download/gaze-0.5.2.tgz#40b709537d24d1d45767db5a908689dfe69ac44f"
  dependencies:
    globule "~0.1.0"

get-value@^2.0.3, get-value@^2.0.6:
  version "2.0.6"
  resolved "http://registry.npm.taobao.org/get-value/download/get-value-2.0.6.tgz#dc15ca1c672387ca76bd37ac0a395ba2042a2c28"

glob-stream@^3.1.5:
  version "3.1.18"
  resolved "http://registry.npm.taobao.org/glob-stream/download/glob-stream-3.1.18.tgz#9170a5f12b790306fdfe598f313f8f7954fd143b"
  dependencies:
    glob "^4.3.1"
    glob2base "^0.0.12"
    minimatch "^2.0.1"
    ordered-read-streams "^0.1.0"
    through2 "^0.6.1"
    unique-stream "^1.0.0"

glob-watcher@^0.0.6:
  version "0.0.6"
  resolved "http://registry.npm.taobao.org/glob-watcher/download/glob-watcher-0.0.6.tgz#b95b4a8df74b39c83298b0c05c978b4d9a3b710b"
  dependencies:
    gaze "^0.5.1"

glob2base@^0.0.12:
  version "0.0.12"
  resolved "http://registry.npm.taobao.org/glob2base/download/glob2base-0.0.12.tgz#9d419b3e28f12e83a362164a277055922c9c0d56"
  dependencies:
    find-index "^0.1.1"

glob@^4.3.1:
  version "4.5.3"
  resolved "http://registry.npm.taobao.org/glob/download/glob-4.5.3.tgz#c6cb73d3226c1efef04de3c56d012f03377ee15f"
  dependencies:
    inflight "^1.0.4"
    inherits "2"
    minimatch "^2.0.1"
   